
Microsoft Visual Studio Solution File, Format Version 12.00
# Visual Studio Version 17
VisualStudioVersion = 17.6.33829.357
MinimumVisualStudioVersion = 10.0.40219.1
Project("{FAE04EC0-301F-11D3-BF4B-00C04F79EFBC}") = "Figury geometryczne", "Figury geometryczne.csproj", "{4FF4EC27-0B92-4D1B-898A-99698BA0F709}"
EndProject
Global
	GlobalSection(SolutionConfigurationPlatforms) = preSolution
		Debug|Any CPU = Debug|Any CPU
		Release|Any CPU = Release|Any CPU
	EndGlobalSection
	GlobalSection(ProjectConfigurationPlatforms) = postSolution
		{4FF4EC27-0B92-4D1B-898A-99698BA0F709}.Debug|Any CPU.ActiveCfg = Debug|Any CPU
		{4FF4EC27-0B92-4D1B-898A-99698BA0F709}.Debug|Any CPU.Build.0 = Debug|Any CPU
		{4FF4EC27-0B92-4D1B-898A-99698BA0F709}.Release|Any CPU.ActiveCfg = Release|Any CPU
		{4FF4EC27-0B92-4D1B-898A-99698BA0F709}.Release|Any CPU.Build.0 = Release|Any CPU
	EndGlobalSection
	GlobalSection(SolutionProperties) = preSolution
		HideSolutionNode = FALSE
	EndGlobalSection
	GlobalSection(ExtensibilityGlobals) = postSolution
		SolutionGuid = {FB1CC931-7D83-4AA7-AE48-A29578F207FC}
	EndGlobalSection
EndGlobal
